
Microsoft Visual Studio Solution File, Format Version 12.00
Project("{FAE04EC0-301F-11D3-BF4B-00C04F79EFBC}") = "Schedule_Planner", "Schedule_Planner\Schedule_Planner.csproj", "{EE18DD56-2F49-4466-AACD-9892BCBAD959}"
EndProject
Global
	GlobalSection(SolutionConfigurationPlatforms) = preSolution
		Debug|Any CPU = Debug|Any CPU
		Release|Any CPU = Release|Any CPU
	EndGlobalSection
	GlobalSection(ProjectConfigurationPlatforms) = postSolution
		{EE18DD56-2F49-4466-AACD-9892BCBAD959}.Debug|Any CPU.ActiveCfg = Debug|Any CPU
		{EE18DD56-2F49-4466-AACD-9892BCBAD959}.Debug|Any CPU.Build.0 = Debug|Any CPU
		{EE18DD56-2F49-4466-AACD-9892BCBAD959}.Release|Any CPU.ActiveCfg = Release|Any CPU
		{EE18DD56-2F49-4466-AACD-9892BCBAD959}.Release|Any CPU.Build.0 = Release|Any CPU
	EndGlobalSection
EndGlobal
